{
  "nodes": {
    "crane": {
      "locked": {
        "lastModified": 1759893430,
        "narHash": "sha256-yAy4otLYm9iZ+NtQwTMEbqHwswSFUbhn7x826RR6djw=",
        "owner": "ipetkov",
        "repo": "crane",
        "rev": "1979a2524cb8c801520bd94c38bb3d5692419d93",
        "type": "github"
      },
      "original": {
        "owner": "ipetkov",
        "repo": "crane",
        "type": "github"
      }
    },
    "flake-parts": {
      "inputs": {
        "nixpkgs-lib": [
          "hyprshell",
          "nixpkgs"
        ]
      },
      "locked": {
        "lastModified": 1759362264,
        "narHash": "sha256-wfG0S7pltlYyZTM+qqlhJ7GMw2fTF4mLKCIVhLii/4M=",
        "owner": "hercules-ci",
        "repo": "flake-parts",
        "rev": "758cf7296bee11f1706a574c77d072b8a7baa881",
        "type": "github"
      },
      "original": {
        "owner": "hercules-ci",
        "repo": "flake-parts",
        "type": "github"
      }
    },
    "home-manager": {
      "inputs": {
        "nixpkgs": [
          "nixpkgs"
        ]
      },
      "locked": {
        "lastModified": 1760500983,
        "narHash": "sha256-zfY4F4CpeUjTGgecIJZ+M7vFpwLc0Gm9epM/iMQd4w8=",
        "owner": "nix-community",
        "repo": "home-manager",
        "rev": "c53e65ec92f38d30e3c14f8d628ab55d462947aa",
        "type": "github"
      },
      "original": {
        "owner": "nix-community",
        "repo": "home-manager",
        "type": "github"
      }
    },
    "home-manager_2": {
      "inputs": {
        "nixpkgs": [
          "hyprshell",
          "nixpkgs"
        ]
      },
      "locked": {
        "lastModified": 1760479847,
        "narHash": "sha256-xOwdvpPSHw767aXyeo3GG8DjFbZ9YyRIVSr4TXADQ48=",
        "owner": "nix-community",
        "repo": "home-manager",
        "rev": "ed1eb4cfddba1be85cb16702d7a42803d1ff55e8",
        "type": "github"
      },
      "original": {
        "owner": "nix-community",
        "repo": "home-manager",
        "type": "github"
      }
    },
    "home-manager_3": {
      "inputs": {
        "nixpkgs": [
          "zen-browser",
          "nixpkgs"
        ]
      },
      "locked": {
        "lastModified": 1752603129,
        "narHash": "sha256-S+wmHhwNQ5Ru689L2Gu8n1OD6s9eU9n9mD827JNR+kw=",
        "owner": "nix-community",
        "repo": "home-manager",
        "rev": "e8c19a3cec2814c754f031ab3ae7316b64da085b",
        "type": "github"
      },
      "original": {
        "owner": "nix-community",
        "repo": "home-manager",
        "type": "github"
      }
    },
    "hyprshell": {
      "inputs": {
        "crane": "crane",
        "flake-parts": "flake-parts",
        "home-manager": "home-manager_2",
        "nixpkgs": [
          "nixpkgs"
        ]
      },
      "locked": {
        "lastModified": 1760498788,
        "narHash": "sha256-m8rm5DfPXEaI5z7k5zSyEAUd1CJl50QTs6D+Kpapacw=",
        "owner": "H3rmt",
        "repo": "hyprswitch",
        "rev": "67e720e953bfcd0e30fa53ba9abafbaf2dff8cd7",
        "type": "github"
      },
      "original": {
        "owner": "H3rmt",
        "ref": "hyprshell",
        "repo": "hyprswitch",
        "type": "github"
      }
    },
    "nixos-hardware": {
      "locked": {
        "lastModified": 1760106635,
        "narHash": "sha256-2GoxVaKWTHBxRoeUYSjv0AfSOx4qw5CWSFz2b+VolKU=",
        "owner": "NixOS",
        "repo": "nixos-hardware",
        "rev": "9ed85f8afebf2b7478f25db0a98d0e782c0ed903",
        "type": "github"
      },
      "original": {
        "owner": "NixOS",
        "ref": "master",
        "repo": "nixos-hardware",
        "type": "github"
      }
    },
    "nixpkgs": {
      "locked": {
        "lastModified": 1760284886,
        "narHash": "sha256-TK9Kr0BYBQ/1P5kAsnNQhmWWKgmZXwUQr4ZMjCzWf2c=",
        "owner": "nixos",
        "repo": "nixpkgs",
        "rev": "cf3f5c4def3c7b5f1fc012b3d839575dbe552d43",
        "type": "github"
      },
      "original": {
        "owner": "nixos",
        "ref": "nixos-unstable",
        "repo": "nixpkgs",
        "type": "github"
      }
    },
    "root": {
      "inputs": {
        "home-manager": "home-manager",
        "hyprshell": "hyprshell",
        "nixos-hardware": "nixos-hardware",
        "nixpkgs": "nixpkgs",
        "silentSDDM": "silentSDDM",
        "zen-browser": "zen-browser"
      }
    },
    "silentSDDM": {
      "inputs": {
        "nixpkgs": [
          "nixpkgs"
        ]
      },
      "locked": {
        "lastModified": 1759422678,
        "narHash": "sha256-YnEPTTDPQ6wWhjbBQVGsFD+BlMGkC2ZVHlWId4O7E1k=",
        "owner": "uiriansan",
        "repo": "SilentSDDM",
        "rev": "bd0575323e315a34142ab1c75ce808ff5712dabe",
        "type": "github"
      },
      "original": {
        "owner": "uiriansan",
        "repo": "SilentSDDM",
        "type": "github"
      }
    },
    "zen-browser": {
      "inputs": {
        "home-manager": "home-manager_3",
        "nixpkgs": [
          "nixpkgs"
        ]
      },
      "locked": {
        "lastModified": 1760466542,
        "narHash": "sha256-q2QZhrrjHbvW4eFzoEGkj/wUHNU6bVGPyflurx5ka6U=",
        "owner": "0xc000022070",
        "repo": "zen-browser-flake",
        "rev": "3446bcbf5f46ecb18e82244888730c4983c30b22",
        "type": "github"
      },
      "original": {
        "owner": "0xc000022070",
        "repo": "zen-browser-flake",
        "type": "github"
      }
    }
  },
  "root": "root",
  "version": 7
}
